// !$*UTF8*$!
{
	archiveVersion = 1;
	classes = {
	};
	objectVersion = 50;
	objects = {

/* Begin PBXBuildFile section */
		5D2F889321FFBE930040F2D5 /* RatingControl.swift in Sources */ = {isa = PBXBuildFile; fileRef = 5D2F889221FFBE930040F2D5 /* RatingControl.swift */; };
		5D2F88982202606E0040F2D5 /* LocationService.swift in Sources */ = {isa = PBXBuildFile; fileRef = 5D2F88972202606E0040F2D5 /* LocationService.swift */; };
		5D83998F21EFE1D90040821A /* AppDelegate.swift in Sources */ = {isa = PBXBuildFile; fileRef = 5D83998E21EFE1D90040821A /* AppDelegate.swift */; };
		5D83999421EFE1D90040821A /* Main.storyboard in Resources */ = {isa = PBXBuildFile; fileRef = 5D83999221EFE1D90040821A /* Main.storyboard */; };
		5D83999621EFE1DB0040821A /* Assets.xcassets in Resources */ = {isa = PBXBuildFile; fileRef = 5D83999521EFE1DB0040821A /* Assets.xcassets */; };
		5D83999921EFE1DB0040821A /* LaunchScreen.storyboard in Resources */ = {isa = PBXBuildFile; fileRef = 5D83999721EFE1DB0040821A /* LaunchScreen.storyboard */; };
		5D8399A221EFFE2D0040821A /* SearchViewController.swift in Sources */ = {isa = PBXBuildFile; fileRef = 5D8399A121EFFE2D0040821A /* SearchViewController.swift */; };
		5D8399C221F688330040821A /* Constants.swift in Sources */ = {isa = PBXBuildFile; fileRef = 5D8399C121F688330040821A /* Constants.swift */; };
		5D8399C521F689050040821A /* NetworkingLayer.swift in Sources */ = {isa = PBXBuildFile; fileRef = 5D8399C421F689050040821A /* NetworkingLayer.swift */; };
		5D8399C721F691F80040821A /* GooglePlacesAPI.swift in Sources */ = {isa = PBXBuildFile; fileRef = 5D8399C621F691F80040821A /* GooglePlacesAPI.swift */; };
		5DE95A762208E9400097DDDB /* Filters.storyboard in Resources */ = {isa = PBXBuildFile; fileRef = 5DE95A752208E9400097DDDB /* Filters.storyboard */; };
		5DE95A782208E9F80097DDDB /* FiltersViewController.swift in Sources */ = {isa = PBXBuildFile; fileRef = 5DE95A772208E9F80097DDDB /* FiltersViewController.swift */; };
		5DEA833F21F91C0C00D4A772 /* PlaceDetails.swift in Sources */ = {isa = PBXBuildFile; fileRef = 5DEA833E21F91C0C00D4A772 /* PlaceDetails.swift */; };
		5DEA834121F91D0500D4A772 /* APIParser.swift in Sources */ = {isa = PBXBuildFile; fileRef = 5DEA834021F91D0500D4A772 /* APIParser.swift */; };
		5DEA834321F9354500D4A772 /* SearchResultsViewController.swift in Sources */ = {isa = PBXBuildFile; fileRef = 5DEA834221F9354500D4A772 /* SearchResultsViewController.swift */; };
		5DEA834721F937D200D4A772 /* SearchResultTableViewCell.swift in Sources */ = {isa = PBXBuildFile; fileRef = 5DEA834521F937D200D4A772 /* SearchResultTableViewCell.swift */; };
		5DEA834821F937D200D4A772 /* SearchResultTableViewCell.xib in Resources */ = {isa = PBXBuildFile; fileRef = 5DEA834621F937D200D4A772 /* SearchResultTableViewCell.xib */; };
		817A76B7220BDC8700DF066F /* LocationDetail.swift in Sources */ = {isa = PBXBuildFile; fileRef = 817A76B6220BDC8700DF066F /* LocationDetail.swift */; };
		817A76B9220BE31500DF066F /* DetailsViewController.swift in Sources */ = {isa = PBXBuildFile; fileRef = 817A76B8220BE31500DF066F /* DetailsViewController.swift */; };
/* End PBXBuildFile section */

/* Begin PBXFileReference section */
		5D2F889221FFBE930040F2D5 /* RatingControl.swift */ = {isa = PBXFileReference; lastKnownFileType = sourcecode.swift; path = RatingControl.swift; sourceTree = "<group>"; };
		5D2F88972202606E0040F2D5 /* LocationService.swift */ = {isa = PBXFileReference; lastKnownFileType = sourcecode.swift; path = LocationService.swift; sourceTree = "<group>"; };
		5D83998B21EFE1D90040821A /* GetGoingClass.app */ = {isa = PBXFileReference; explicitFileType = wrapper.application; includeInIndex = 0; path = GetGoingClass.app; sourceTree = BUILT_PRODUCTS_DIR; };
		5D83998E21EFE1D90040821A /* AppDelegate.swift */ = {isa = PBXFileReference; lastKnownFileType = sourcecode.swift; path = AppDelegate.swift; sourceTree = "<group>"; };
		5D83999321EFE1D90040821A /* Base */ = {isa = PBXFileReference; lastKnownFileType = file.storyboard; name = Base; path = Base.lproj/Main.storyboard; sourceTree = "<group>"; };
		5D83999521EFE1DB0040821A /* Assets.xcassets */ = {isa = PBXFileReference; lastKnownFileType = folder.assetcatalog; path = Assets.xcassets; sourceTree = "<group>"; };
		5D83999821EFE1DB0040821A /* Base */ = {isa = PBXFileReference; lastKnownFileType = file.storyboard; name = Base; path = Base.lproj/LaunchScreen.storyboard; sourceTree = "<group>"; };
		5D83999A21EFE1DB0040821A /* Info.plist */ = {isa = PBXFileReference; lastKnownFileType = text.plist.xml; path = Info.plist; sourceTree = "<group>"; };
		5D8399A121EFFE2D0040821A /* SearchViewController.swift */ = {isa = PBXFileReference; lastKnownFileType = sourcecode.swift; path = SearchViewController.swift; sourceTree = "<group>"; };
		5D8399C121F688330040821A /* Constants.swift */ = {isa = PBXFileReference; lastKnownFileType = sourcecode.swift; path = Constants.swift; sourceTree = "<group>"; };
		5D8399C421F689050040821A /* NetworkingLayer.swift */ = {isa = PBXFileReference; lastKnownFileType = sourcecode.swift; path = NetworkingLayer.swift; sourceTree = "<group>"; };
		5D8399C621F691F80040821A /* GooglePlacesAPI.swift */ = {isa = PBXFileReference; lastKnownFileType = sourcecode.swift; path = GooglePlacesAPI.swift; sourceTree = "<group>"; };
		5DE95A752208E9400097DDDB /* Filters.storyboard */ = {isa = PBXFileReference; lastKnownFileType = file.storyboard; path = Filters.storyboard; sourceTree = "<group>"; };
		5DE95A772208E9F80097DDDB /* FiltersViewController.swift */ = {isa = PBXFileReference; lastKnownFileType = sourcecode.swift; path = FiltersViewController.swift; sourceTree = "<group>"; };
		5DEA833E21F91C0C00D4A772 /* PlaceDetails.swift */ = {isa = PBXFileReference; lastKnownFileType = sourcecode.swift; path = PlaceDetails.swift; sourceTree = "<group>"; };
		5DEA834021F91D0500D4A772 /* APIParser.swift */ = {isa = PBXFileReference; lastKnownFileType = sourcecode.swift; path = APIParser.swift; sourceTree = "<group>"; };
		5DEA834221F9354500D4A772 /* SearchResultsViewController.swift */ = {isa = PBXFileReference; lastKnownFileType = sourcecode.swift; path = SearchResultsViewController.swift; sourceTree = "<group>"; };
		5DEA834521F937D200D4A772 /* SearchResultTableViewCell.swift */ = {isa = PBXFileReference; lastKnownFileType = sourcecode.swift; path = SearchResultTableViewCell.swift; sourceTree = "<group>"; };
		5DEA834621F937D200D4A772 /* SearchResultTableViewCell.xib */ = {isa = PBXFileReference; lastKnownFileType = file.xib; path = SearchResultTableViewCell.xib; sourceTree = "<group>"; };
		817A76B6220BDC8700DF066F /* LocationDetail.swift */ = {isa = PBXFileReference; lastKnownFileType = sourcecode.swift; path = LocationDetail.swift; sourceTree = "<group>"; };
		817A76B8220BE31500DF066F /* DetailsViewController.swift */ = {isa = PBXFileReference; lastKnownFileType = sourcecode.swift; path = DetailsViewController.swift; sourceTree = "<group>"; };
/* End PBXFileReference section */

/* Begin PBXFrameworksBuildPhase section */
		5D83998821EFE1D90040821A /* Frameworks */ = {
			isa = PBXFrameworksBuildPhase;
			buildActionMask = 2147483647;
			files = (
			);
			runOnlyForDeploymentPostprocessing = 0;
		};
/* End PBXFrameworksBuildPhase section */

/* Begin PBXGroup section */
		5D2F889121FFBE510040F2D5 /* Custom Views */ = {
			isa = PBXGroup;
			children = (
				5D2F889221FFBE930040F2D5 /* RatingControl.swift */,
			);
			path = "Custom Views";
			sourceTree = "<group>";
		};
		5D2F88962202601A0040F2D5 /* Services */ = {
			isa = PBXGroup;
			children = (
				5D2F88972202606E0040F2D5 /* LocationService.swift */,
			);
			path = Services;
			sourceTree = "<group>";
		};
		5D83998221EFE1D90040821A = {
			isa = PBXGroup;
			children = (
				5D83998D21EFE1D90040821A /* GetGoingClass */,
				5D83998C21EFE1D90040821A /* Products */,
			);
			sourceTree = "<group>";
		};
		5D83998C21EFE1D90040821A /* Products */ = {
			isa = PBXGroup;
			children = (
				5D83998B21EFE1D90040821A /* GetGoingClass.app */,
			);
			name = Products;
			sourceTree = "<group>";
		};
		5D83998D21EFE1D90040821A /* GetGoingClass */ = {
			isa = PBXGroup;
			children = (
				5D2F88962202601A0040F2D5 /* Services */,
				5DEA833D21F91BC900D4A772 /* Model */,
				5D8399A021EFFCEA0040821A /* ViewControllers */,
				5D8399C321F6888D0040821A /* Networking */,
				5D8399BF21F687D30040821A /* Resources */,
				5D83998E21EFE1D90040821A /* AppDelegate.swift */,
				5D83999221EFE1D90040821A /* Main.storyboard */,
				5D83999521EFE1DB0040821A /* Assets.xcassets */,
				5D83999721EFE1DB0040821A /* LaunchScreen.storyboard */,
				5D83999A21EFE1DB0040821A /* Info.plist */,
				5DE95A752208E9400097DDDB /* Filters.storyboard */,
			);
			path = GetGoingClass;
			sourceTree = "<group>";
		};
		5D8399A021EFFCEA0040821A /* ViewControllers */ = {
			isa = PBXGroup;
			children = (
				5D2F889121FFBE510040F2D5 /* Custom Views */,
				5DEA834421F9377C00D4A772 /* Cells */,
				5D8399A121EFFE2D0040821A /* SearchViewController.swift */,
				5DEA834221F9354500D4A772 /* SearchResultsViewController.swift */,
				5DE95A772208E9F80097DDDB /* FiltersViewController.swift */,
				817A76B8220BE31500DF066F /* DetailsViewController.swift */,
			);
			path = ViewControllers;
			sourceTree = "<group>";
		};
		5D8399BF21F687D30040821A /* Resources */ = {
			isa = PBXGroup;
			children = (
				5D8399C121F688330040821A /* Constants.swift */,
			);
			path = Resources;
			sourceTree = "<group>";
		};
		5D8399C321F6888D0040821A /* Networking */ = {
			isa = PBXGroup;
			children = (
				5D8399C421F689050040821A /* NetworkingLayer.swift */,
				5D8399C621F691F80040821A /* GooglePlacesAPI.swift */,
			);
			path = Networking;
			sourceTree = "<group>";
		};
		5DEA833D21F91BC900D4A772 /* Model */ = {
			isa = PBXGroup;
			children = (
				5DEA833E21F91C0C00D4A772 /* PlaceDetails.swift */,
				5DEA834021F91D0500D4A772 /* APIParser.swift */,
				817A76B6220BDC8700DF066F /* LocationDetail.swift */,
			);
			path = Model;
			sourceTree = "<group>";
		};
		5DEA834421F9377C00D4A772 /* Cells */ = {
			isa = PBXGroup;
			children = (
				5DEA834521F937D200D4A772 /* SearchResultTableViewCell.swift */,
				5DEA834621F937D200D4A772 /* SearchResultTableViewCell.xib */,
			);
			path = Cells;
			sourceTree = "<group>";
		};
/* End PBXGroup section */

/* Begin PBXNativeTarget section */
		5D83998A21EFE1D90040821A /* GetGoingClass */ = {
			isa = PBXNativeTarget;
			buildConfigurationList = 5D83999D21EFE1DB0040821A /* Build configuration list for PBXNativeTarget "GetGoingClass" */;
			buildPhases = (
				5D83998721EFE1D90040821A /* Sources */,
				5D83998821EFE1D90040821A /* Frameworks */,
				5D83998921EFE1D90040821A /* Resources */,
			);
			buildRules = (
			);
			dependencies = (
			);
			name = GetGoingClass;
			productName = GetGoingClass;
			productReference = 5D83998B21EFE1D90040821A /* GetGoingClass.app */;
			productType = "com.apple.product-type.application";
		};
/* End PBXNativeTarget section */

/* Begin PBXProject section */
		5D83998321EFE1D90040821A /* Project object */ = {
			isa = PBXProject;
			attributes = {
				LastSwiftUpdateCheck = 1010;
				LastUpgradeCheck = 1010;
				ORGANIZATIONNAME = SMU;
				TargetAttributes = {
					5D83998A21EFE1D90040821A = {
						CreatedOnToolsVersion = 10.1;
					};
				};
			};
			buildConfigurationList = 5D83998621EFE1D90040821A /* Build configuration list for PBXProject "GetGoingClass" */;
			compatibilityVersion = "Xcode 9.3";
			developmentRegion = en;
			hasScannedForEncodings = 0;
			knownRegions = (
				en,
				Base,
			);
			mainGroup = 5D83998221EFE1D90040821A;
			productRefGroup = 5D83998C21EFE1D90040821A /* Products */;
			projectDirPath = "";
			projectRoot = "";
			targets = (
				5D83998A21EFE1D90040821A /* GetGoingClass */,
			);
		};
/* End PBXProject section */

/* Begin PBXResourcesBuildPhase section */
		5D83998921EFE1D90040821A /* Resources */ = {
			isa = PBXResourcesBuildPhase;
			buildActionMask = 2147483647;
			files = (
				5D83999921EFE1DB0040821A /* LaunchScreen.storyboard in Resources */,
				5D83999621EFE1DB0040821A /* Assets.xcassets in Resources */,
				5DEA834821F937D200D4A772 /* SearchResultTableViewCell.xib in Resources */,
				5DE95A762208E9400097DDDB /* Filters.storyboard in Resources */,
				5D83999421EFE1D90040821A /* Main.storyboard in Resources */,
			);
			runOnlyForDeploymentPostprocessing = 0;
		};
/* End PBXResourcesBuildPhase section */

/* Begin PBXSourcesBuildPhase section */
		5D83998721EFE1D90040821A /* Sources */ = {
			isa = PBXSourcesBuildPhase;
			buildActionMask = 2147483647;
			files = (
				5DEA834121F91D0500D4A772 /* APIParser.swift in Sources */,
				5DEA834321F9354500D4A772 /* SearchResultsViewController.swift in Sources */,
				5DEA833F21F91C0C00D4A772 /* PlaceDetails.swift in Sources */,
				5D8399A221EFFE2D0040821A /* SearchViewController.swift in Sources */,
				5D8399C521F689050040821A /* NetworkingLayer.swift in Sources */,
				5D83998F21EFE1D90040821A /* AppDelegate.swift in Sources */,
				5D2F88982202606E0040F2D5 /* LocationService.swift in Sources */,
				5D8399C221F688330040821A /* Constants.swift in Sources */,
				817A76B7220BDC8700DF066F /* LocationDetail.swift in Sources */,
				5D8399C721F691F80040821A /* GooglePlacesAPI.swift in Sources */,
				5D2F889321FFBE930040F2D5 /* RatingControl.swift in Sources */,
				817A76B9220BE31500DF066F /* DetailsViewController.swift in Sources */,
				5DE95A782208E9F80097DDDB /* FiltersViewController.swift in Sources */,
				5DEA834721F937D200D4A772 /* SearchResultTableViewCell.swift in Sources */,
			);
			runOnlyForDeploymentPostprocessing = 0;
		};
/* End PBXSourcesBuildPhase section */

/* Begin PBXVariantGroup section */
		5D83999221EFE1D90040821A /* Main.storyboard */ = {
			isa = PBXVariantGroup;
			children = (
				5D83999321EFE1D90040821A /* Base */,
			);
			name = Main.storyboard;
			sourceTree = "<group>";
		};
		5D83999721EFE1DB0040821A /* LaunchScreen.storyboard */ = {
			isa = PBXVariantGroup;
			children = (
				5D83999821EFE1DB0040821A /* Base */,
			);
			name = LaunchScreen.storyboard;
			sourceTree = "<group>";
		};
/* End PBXVariantGroup section */

/* Begin XCBuildConfiguration section */
		5D83999B21EFE1DB0040821A /* Debug */ = {
			isa = XCBuildConfiguration;
			buildSettings = {
				ALWAYS_SEARCH_USER_PATHS = NO;
				CLANG_ANALYZER_NONNULL = YES;
				CLANG_ANALYZER_NUMBER_OBJECT_CONVERSION = YES_AGGRESSIVE;
				CLANG_CXX_LANGUAGE_STANDARD = "gnu++14";
				CLANG_CXX_LIBRARY = "libc++";
				CLANG_ENABLE_MODULES = YES;
				CLANG_ENABLE_OBJC_ARC = YES;
				CLANG_ENABLE_OBJC_WEAK = YES;
				CLANG_WARN_BLOCK_CAPTURE_AUTORELEASING = YES;
				CLANG_WARN_BOOL_CONVERSION = YES;
				CLANG_WARN_COMMA = YES;
				CLANG_WARN_CONSTANT_CONVERSION = YES;
				CLANG_WARN_DEPRECATED_OBJC_IMPLEMENTATIONS = YES;
				CLANG_WARN_DIRECT_OBJC_ISA_USAGE = YES_ERROR;
				CLANG_WARN_DOCUMENTATION_COMMENTS = YES;
				CLANG_WARN_EMPTY_BODY = YES;
				CLANG_WARN_ENUM_CONVERSION = YES;
				CLANG_WARN_INFINITE_RECURSION = YES;
				CLANG_WARN_INT_CONVERSION = YES;
				CLANG_WARN_NON_LITERAL_NULL_CONVERSION = YES;
				CLANG_WARN_OBJC_IMPLICIT_RETAIN_SELF = YES;
				CLANG_WARN_OBJC_LITERAL_CONVERSION = YES;
				CLANG_WARN_OBJC_ROOT_CLASS = YES_ERROR;
				CLANG_WARN_RANGE_LOOP_ANALYSIS = YES;
				CLANG_WARN_STRICT_PROTOTYPES = YES;
				CLANG_WARN_SUSPICIOUS_MOVE = YES;
				CLANG_WARN_UNGUARDED_AVAILABILITY = YES_AGGRESSIVE;
				CLANG_WARN_UNREACHABLE_CODE = YES;
				CLANG_WARN__DUPLICATE_METHOD_MATCH = YES;
				CODE_SIGN_IDENTITY = "iPhone Developer";
				COPY_PHASE_STRIP = NO;
				DEBUG_INFORMATION_FORMAT = dwarf;
				ENABLE_STRICT_OBJC_MSGSEND = YES;
				ENABLE_TESTABILITY = YES;
				GCC_C_LANGUAGE_STANDARD = gnu11;
				GCC_DYNAMIC_NO_PIC = NO;
				GCC_NO_COMMON_BLOCKS = YES;
				GCC_OPTIMIZATION_LEVEL = 0;
				GCC_PREPROCESSOR_DEFINITIONS = (
					"DEBUG=1",
					"$(inherited)",
				);
				GCC_WARN_64_TO_32_BIT_CONVERSION = YES;
				GCC_WARN_ABOUT_RETURN_TYPE = YES_ERROR;
				GCC_WARN_UNDECLARED_SELECTOR = YES;
				GCC_WARN_UNINITIALIZED_AUTOS = YES_AGGRESSIVE;
				GCC_WARN_UNUSED_FUNCTION = YES;
				GCC_WARN_UNUSED_VARIABLE = YES;
				IPHONEOS_DEPLOYMENT_TARGET = 12.1;
				MTL_ENABLE_DEBUG_INFO = INCLUDE_SOURCE;
				MTL_FAST_MATH = YES;
				ONLY_ACTIVE_ARCH = YES;
				SDKROOT = iphoneos;
				SWIFT_ACTIVE_COMPILATION_CONDITIONS = DEBUG;
				SWIFT_OPTIMIZATION_LEVEL = "-Onone";
			};
			name = Debug;
		};
		5D83999C21EFE1DB0040821A /* Release */ = {
			isa = XCBuildConfiguration;
			buildSettings = {
				ALWAYS_SEARCH_USER_PATHS = NO;
				CLANG_ANALYZER_NONNULL = YES;
				CLANG_ANALYZER_NUMBER_OBJECT_CONVERSION = YES_AGGRESSIVE;
				CLANG_CXX_LANGUAGE_STANDARD = "gnu++14";
				CLANG_CXX_LIBRARY = "libc++";
				CLANG_ENABLE_MODULES = YES;
				CLANG_ENABLE_OBJC_ARC = YES;
				CLANG_ENABLE_OBJC_WEAK = YES;
				CLANG_WARN_BLOCK_CAPTURE_AUTORELEASING = YES;
				CLANG_WARN_BOOL_CONVERSION = YES;
				CLANG_WARN_COMMA = YES;
				CLANG_WARN_CONSTANT_CONVERSION = YES;
				CLANG_WARN_DEPRECATED_OBJC_IMPLEMENTATIONS = YES;
				CLANG_WARN_DIRECT_OBJC_ISA_USAGE = YES_ERROR;
				CLANG_WARN_DOCUMENTATION_COMMENTS = YES;
				CLANG_WARN_EMPTY_BODY = YES;
				CLANG_WARN_ENUM_CONVERSION = YES;
				CLANG_WARN_INFINITE_RECURSION = YES;
				CLANG_WARN_INT_CONVERSION = YES;
				CLANG_WARN_NON_LITERAL_NULL_CONVERSION = YES;
				CLANG_WARN_OBJC_IMPLICIT_RETAIN_SELF = YES;
				CLANG_WARN_OBJC_LITERAL_CONVERSION = YES;
				CLANG_WARN_OBJC_ROOT_CLASS = YES_ERROR;
				CLANG_WARN_RANGE_LOOP_ANALYSIS = YES;
				CLANG_WARN_STRICT_PROTOTYPES = YES;
				CLANG_WARN_SUSPICIOUS_MOVE = YES;
				CLANG_WARN_UNGUARDED_AVAILABILITY = YES_AGGRESSIVE;
				CLANG_WARN_UNREACHABLE_CODE = YES;
				CLANG_WARN__DUPLICATE_METHOD_MATCH = YES;
				CODE_SIGN_IDENTITY = "iPhone Developer";
				COPY_PHASE_STRIP = NO;
				DEBUG_INFORMATION_FORMAT = "dwarf-with-dsym";
				ENABLE_NS_ASSERTIONS = NO;
				ENABLE_STRICT_OBJC_MSGSEND = YES;
				GCC_C_LANGUAGE_STANDARD = gnu11;
				GCC_NO_COMMON_BLOCKS = YES;
				GCC_WARN_64_TO_32_BIT_CONVERSION = YES;
				GCC_WARN_ABOUT_RETURN_TYPE = YES_ERROR;
				GCC_WARN_UNDECLARED_SELECTOR = YES;
				GCC_WARN_UNINITIALIZED_AUTOS = YES_AGGRESSIVE;
				GCC_WARN_UNUSED_FUNCTION = YES;
				GCC_WARN_UNUSED_VARIABLE = YES;
				IPHONEOS_DEPLOYMENT_TARGET = 12.1;
				MTL_ENABLE_DEBUG_INFO = NO;
				MTL_FAST_MATH = YES;
				SDKROOT = iphoneos;
				SWIFT_COMPILATION_MODE = wholemodule;
				SWIFT_OPTIMIZATION_LEVEL = "-O";
				VALIDATE_PRODUCT = YES;
			};
			name = Release;
		};
		5D83999E21EFE1DB0040821A /* Debug */ = {
			isa = XCBuildConfiguration;
			buildSettings = {
				ASSETCATALOG_COMPILER_APPICON_NAME = AppIcon;
				CODE_SIGN_STYLE = Automatic;
				INFOPLIST_FILE = GetGoingClass/Info.plist;
				IPHONEOS_DEPLOYMENT_TARGET = 11.0;
				LD_RUNPATH_SEARCH_PATHS = (
					"$(inherited)",
					"@executable_path/Frameworks",
				);
				PRODUCT_BUNDLE_IDENTIFIER = com.smu.GetGoingClass;
				PRODUCT_NAME = "$(TARGET_NAME)";
				SWIFT_VERSION = 4.2;
				TARGETED_DEVICE_FAMILY = "1,2";
			};
			name = Debug;
		};
		5D83999F21EFE1DB0040821A /* Release */ = {
			isa = XCBuildConfiguration;
			buildSettings = {
				ASSETCATALOG_COMPILER_APPICON_NAME = AppIcon;
				CODE_SIGN_STYLE = Automatic;
				INFOPLIST_FILE = GetGoingClass/Info.plist;
				IPHONEOS_DEPLOYMENT_TARGET = 11.0;
				LD_RUNPATH_SEARCH_PATHS = (
					"$(inherited)",
					"@executable_path/Frameworks",
				);
				PRODUCT_BUNDLE_IDENTIFIER = com.smu.GetGoingClass;
				PRODUCT_NAME = "$(TARGET_NAME)";
				SWIFT_VERSION = 4.2;
				TARGETED_DEVICE_FAMILY = "1,2";
			};
			name = Release;
		};
/* End XCBuildConfiguration section */

/* Begin XCConfigurationList section */
		5D83998621EFE1D90040821A /* Build configuration list for PBXProject "GetGoingClass" */ = {
			isa = XCConfigurationList;
			buildConfigurations = (
				5D83999B21EFE1DB0040821A /* Debug */,
				5D83999C21EFE1DB0040821A /* Release */,
			);
			defaultConfigurationIsVisible = 0;
			defaultConfigurationName = Release;
		};
		5D83999D21EFE1DB0040821A /* Build configuration list for PBXNativeTarget "GetGoingClass" */ = {
			isa = XCConfigurationList;
			buildConfigurations = (
				5D83999E21EFE1DB0040821A /* Debug */,
				5D83999F21EFE1DB0040821A /* Release */,
			);
			defaultConfigurationIsVisible = 0;
			defaultConfigurationName = Release;
		};
/* End XCConfigurationList section */
	};
	rootObject = 5D83998321EFE1D90040821A /* Project object */;
}
